Microsoft Visual Studio Solution File, Format Version 12.00
# Visual Studio Version 17
VisualStudioVersion = 17.5.2.0
MinimumVisualStudioVersion = 10.0.40219.1
Project("{FAE04EC0-301F-11D3-BF4B-00C04F79EFBC}") = "local-llm-test-cases", "local-llm-test-cases.csproj", "{6186E908-5DF9-F595-9FFB-66723D60EADE}"
EndProject
Global
	GlobalSection(SolutionConfigurationPlatforms) = preSolution
		Debug|Any CPU = Debug|Any CPU
		Release|Any CPU = Release|Any CPU
	EndGlobalSection
	GlobalSection(ProjectConfigurationPlatforms) = postSolution
		{6186E908-5DF9-F595-9FFB-66723D60EADE}.Debug|Any CPU.ActiveCfg = Debug|Any CPU
		{6186E908-5DF9-F595-9FFB-66723D60EADE}.Debug|Any CPU.Build.0 = Debug|Any CPU
		{6186E908-5DF9-F595-9FFB-66723D60EADE}.Release|Any CPU.ActiveCfg = Release|Any CPU
		{6186E908-5DF9-F595-9FFB-66723D60EADE}.Release|Any CPU.Build.0 = Release|Any CPU
	EndGlobalSection
	GlobalSection(SolutionProperties) = preSolution
		HideSolutionNode = FALSE
	EndGlobalSection
	GlobalSection(ExtensibilityGlobals) = postSolution
		SolutionGuid = {F1AB2187-916C-4ADD-997D-96B6CBE9D166}
	EndGlobalSection
EndGlobal
